
Microsoft Visual Studio Solution File, Format Version 12.00
# Visual Studio Version 16
VisualStudioVersion = 16.0.31911.196
MinimumVisualStudioVersion = 10.0.40219.1
Project("{FAE04EC0-301F-11D3-BF4B-00C04F79EFBC}") = "Konditer_FigmaProject", "Konditer_FigmaProject.csproj", "{8AE5D4E5-3747-4A4A-8A71-C2F6AC5A7E98}"
EndProject
Global
	GlobalSection(SolutionConfigurationPlatforms) = preSolution
		Debug|Any CPU = Debug|Any CPU
		Release|Any CPU = Release|Any CPU
	EndGlobalSection
	GlobalSection(ProjectConfigurationPlatforms) = postSolution
		{8AE5D4E5-3747-4A4A-8A71-C2F6AC5A7E98}.Debug|Any CPU.ActiveCfg = Debug|Any CPU
		{8AE5D4E5-3747-4A4A-8A71-C2F6AC5A7E98}.Debug|Any CPU.Build.0 = Debug|Any CPU
		{8AE5D4E5-3747-4A4A-8A71-C2F6AC5A7E98}.Release|Any CPU.ActiveCfg = Release|Any CPU
		{8AE5D4E5-3747-4A4A-8A71-C2F6AC5A7E98}.Release|Any CPU.Build.0 = Release|Any CPU
	EndGlobalSection
	GlobalSection(SolutionProperties) = preSolution
		HideSolutionNode = FALSE
	EndGlobalSection
	GlobalSection(ExtensibilityGlobals) = postSolution
		SolutionGuid = {49CB5F30-C778-4327-A7E2-5EDA4E117471}
	EndGlobalSection
EndGlobal
